
Microsoft Visual Studio Solution File, Format Version 12.00
# Visual Studio 15
VisualStudioVersion = 15.0.28010.2041
MinimumVisualStudioVersion = 10.0.40219.1
Project("{9A19103F-16F7-4668-BE54-9A1E7A4F7556}") = "Bot", "RemiBot\Bot\Bot.csproj", "{2C11D98B-2B32-4F9D-85ED-0135FCCBF116}"
EndProject
Global
	GlobalSection(SolutionConfigurationPlatforms) = preSolution
		Debug|Any CPU = Debug|Any CPU
		Release|Any CPU = Release|Any CPU
	EndGlobalSection
	GlobalSection(ProjectConfigurationPlatforms) = postSolution
		{2C11D98B-2B32-4F9D-85ED-0135FCCBF116}.Debug|Any CPU.ActiveCfg = Debug|Any CPU
		{2C11D98B-2B32-4F9D-85ED-0135FCCBF116}.Debug|Any CPU.Build.0 = Debug|Any CPU
		{2C11D98B-2B32-4F9D-85ED-0135FCCBF116}.Release|Any CPU.ActiveCfg = Release|Any CPU
		{2C11D98B-2B32-4F9D-85ED-0135FCCBF116}.Release|Any CPU.Build.0 = Release|Any CPU
	EndGlobalSection
	GlobalSection(SolutionProperties) = preSolution
		HideSolutionNode = FALSE
	EndGlobalSection
	GlobalSection(ExtensibilityGlobals) = postSolution
		SolutionGuid = {6C7C64AF-B44F-4ECE-8966-0FDFEEA2941A}
	EndGlobalSection
EndGlobal
